
Microsoft Visual Studio Solution File, Format Version 12.00
# Visual Studio Version 17
VisualStudioVersion = 17.5.002.0
MinimumVisualStudioVersion = 10.0.40219.1
Project("{9A19103F-16F7-4668-BE54-9A1E7A4F7556}") = "BackEndDotNetVSCode", "BackEndDotNetVSCode.csproj", "{760E11AC-D003-41DB-B474-E2BB9D12FD8D}"
EndProject
Global
	GlobalSection(SolutionConfigurationPlatforms) = preSolution
		Debug|Any CPU = Debug|Any CPU
		Release|Any CPU = Release|Any CPU
	EndGlobalSection
	GlobalSection(ProjectConfigurationPlatforms) = postSolution
		{760E11AC-D003-41DB-B474-E2BB9D12FD8D}.Debug|Any CPU.ActiveCfg = Debug|Any CPU
		{760E11AC-D003-41DB-B474-E2BB9D12FD8D}.Debug|Any CPU.Build.0 = Debug|Any CPU
		{760E11AC-D003-41DB-B474-E2BB9D12FD8D}.Release|Any CPU.ActiveCfg = Release|Any CPU
		{760E11AC-D003-41DB-B474-E2BB9D12FD8D}.Release|Any CPU.Build.0 = Release|Any CPU
	EndGlobalSection
	GlobalSection(SolutionProperties) = preSolution
		HideSolutionNode = FALSE
	EndGlobalSection
	GlobalSection(ExtensibilityGlobals) = postSolution
		SolutionGuid = {796F1EFD-D23D-436A-B218-408E85DA684C}
	EndGlobalSection
EndGlobal
